
Microsoft Visual Studio Solution File, Format Version 12.00
# Visual Studio Version 16
VisualStudioVersion = 16.0.32002.261
MinimumVisualStudioVersion = 10.0.40219.1
Project("{00D1A9C2-B5F0-4AF3-8072-F6C62B433612}") = "EXIONTEST.SQL", "EXIONTEST.SQL\EXIONTEST.SQL.sqlproj", "{9C7BC939-8224-45CB-86BD-37E4BDA43B48}"
EndProject
Project("{9A19103F-16F7-4668-BE54-9A1E7A4F7556}") = "EXIONTEST.DATAACCESS", "EXIONTEST.DATAACCESS\EXIONTEST.DATAACCESS.csproj", "{7AD8FA82-9650-4996-B07E-ABE3111103B2}"
EndProject
Project("{9A19103F-16F7-4668-BE54-9A1E7A4F7556}") = "EXIONTEST.BUSINESS", "EXIONTEST.BUSINESS\EXIONTEST.BUSINESS.csproj", "{34EA32F2-B5AB-470C-AE51-D58371F8DDF8}"
EndProject
Project("{9A19103F-16F7-4668-BE54-9A1E7A4F7556}") = "EXIONTEST.ENTITIES", "EXIONTEST.ENTITIES\EXIONTEST.ENTITIES.csproj", "{23538BA5-AD08-466F-ABB2-06A9C9BFDA67}"
EndProject
Project("{FAE04EC0-301F-11D3-BF4B-00C04F79EFBC}") = "EXIONTEST.API", "EXIONTEST.API\EXIONTEST.API.csproj", "{3690B1BD-59B1-463A-835A-CD2BA2C7DC51}"
EndProject
Global
	GlobalSection(SolutionConfigurationPlatforms) = preSolution
		Debug|Any CPU = Debug|Any CPU
		Release|Any CPU = Release|Any CPU
	EndGlobalSection
	GlobalSection(ProjectConfigurationPlatforms) = postSolution
		{9C7BC939-8224-45CB-86BD-37E4BDA43B48}.Debug|Any CPU.ActiveCfg = Debug|Any CPU
		{9C7BC939-8224-45CB-86BD-37E4BDA43B48}.Debug|Any CPU.Build.0 = Debug|Any CPU
		{9C7BC939-8224-45CB-86BD-37E4BDA43B48}.Debug|Any CPU.Deploy.0 = Debug|Any CPU
		{9C7BC939-8224-45CB-86BD-37E4BDA43B48}.Release|Any CPU.ActiveCfg = Release|Any CPU
		{9C7BC939-8224-45CB-86BD-37E4BDA43B48}.Release|Any CPU.Build.0 = Release|Any CPU
		{9C7BC939-8224-45CB-86BD-37E4BDA43B48}.Release|Any CPU.Deploy.0 = Release|Any CPU
		{7AD8FA82-9650-4996-B07E-ABE3111103B2}.Debug|Any CPU.ActiveCfg = Debug|Any CPU
		{7AD8FA82-9650-4996-B07E-ABE3111103B2}.Debug|Any CPU.Build.0 = Debug|Any CPU
		{7AD8FA82-9650-4996-B07E-ABE3111103B2}.Release|Any CPU.ActiveCfg = Release|Any CPU
		{7AD8FA82-9650-4996-B07E-ABE3111103B2}.Release|Any CPU.Build.0 = Release|Any CPU
		{34EA32F2-B5AB-470C-AE51-D58371F8DDF8}.Debug|Any CPU.ActiveCfg = Debug|Any CPU
		{34EA32F2-B5AB-470C-AE51-D58371F8DDF8}.Debug|Any CPU.Build.0 = Debug|Any CPU
		{34EA32F2-B5AB-470C-AE51-D58371F8DDF8}.Release|Any CPU.ActiveCfg = Release|Any CPU
		{34EA32F2-B5AB-470C-AE51-D58371F8DDF8}.Release|Any CPU.Build.0 = Release|Any CPU
		{23538BA5-AD08-466F-ABB2-06A9C9BFDA67}.Debug|Any CPU.ActiveCfg = Debug|Any CPU
		{23538BA5-AD08-466F-ABB2-06A9C9BFDA67}.Debug|Any CPU.Build.0 = Debug|Any CPU
		{23538BA5-AD08-466F-ABB2-06A9C9BFDA67}.Release|Any CPU.ActiveCfg = Release|Any CPU
		{23538BA5-AD08-466F-ABB2-06A9C9BFDA67}.Release|Any CPU.Build.0 = Release|Any CPU
		{3690B1BD-59B1-463A-835A-CD2BA2C7DC51}.Debug|Any CPU.ActiveCfg = Debug|Any CPU
		{3690B1BD-59B1-463A-835A-CD2BA2C7DC51}.Debug|Any CPU.Build.0 = Debug|Any CPU
		{3690B1BD-59B1-463A-835A-CD2BA2C7DC51}.Release|Any CPU.ActiveCfg = Release|Any CPU
		{3690B1BD-59B1-463A-835A-CD2BA2C7DC51}.Release|Any CPU.Build.0 = Release|Any CPU
	EndGlobalSection
	GlobalSection(SolutionProperties) = preSolution
		HideSolutionNode = FALSE
	EndGlobalSection
	GlobalSection(ExtensibilityGlobals) = postSolution
		SolutionGuid = {D4D7C358-BAB5-4ECF-A322-28819347BB3B}
	EndGlobalSection
EndGlobal
